
Microsoft Visual Studio Solution File, Format Version 12.00
# Visual Studio 15
VisualStudioVersion = 15.0.26730.16
MinimumVisualStudioVersion = 10.0.40219.1
Project("{FAE04EC0-301F-11D3-BF4B-00C04F79EFBC}") = "TestDotnet", "TestDotnet\TestDotnet.csproj", "{B25902D5-721E-409D-BB1A-7CEEE95166CA}"
EndProject
Global
	GlobalSection(SolutionConfigurationPlatforms) = preSolution
		Debug|Any CPU = Debug|Any CPU
		Release|Any CPU = Release|Any CPU
	EndGlobalSection
	GlobalSection(ProjectConfigurationPlatforms) = postSolution
		{B25902D5-721E-409D-BB1A-7CEEE95166CA}.Debug|Any CPU.ActiveCfg = Debug|Any CPU
		{B25902D5-721E-409D-BB1A-7CEEE95166CA}.Debug|Any CPU.Build.0 = Debug|Any CPU
		{B25902D5-721E-409D-BB1A-7CEEE95166CA}.Release|Any CPU.ActiveCfg = Release|Any CPU
		{B25902D5-721E-409D-BB1A-7CEEE95166CA}.Release|Any CPU.Build.0 = Release|Any CPU
	EndGlobalSection
	GlobalSection(SolutionProperties) = preSolution
		HideSolutionNode = FALSE
	EndGlobalSection
	GlobalSection(ExtensibilityGlobals) = postSolution
		SolutionGuid = {FEDA8E7D-2541-48AE-9B22-0B9510FA5A9A}
	EndGlobalSection
EndGlobal
